
Microsoft Visual Studio Solution File, Format Version 12.00
# Visual Studio Version 17
VisualStudioVersion = 17.6.33801.468
MinimumVisualStudioVersion = 10.0.40219.1
Project("{FAE04EC0-301F-11D3-BF4B-00C04F79EFBC}") = "SignalRServer", "SignalRServer\SignalRServer.csproj", "{5F1BC32D-F866-4F85-BB09-8D288324D546}"
EndProject
Project("{FAE04EC0-301F-11D3-BF4B-00C04F79EFBC}") = "MAUIClient", "MAUIClient\MAUIClient.csproj", "{1AC9F67E-B7EF-4173-ABBC-EFD7974CE209}"
EndProject
Global
	GlobalSection(SolutionConfigurationPlatforms) = preSolution
		Debug|Any CPU = Debug|Any CPU
		Release|Any CPU = Release|Any CPU
	EndGlobalSection
	GlobalSection(ProjectConfigurationPlatforms) = postSolution
		{5F1BC32D-F866-4F85-BB09-8D288324D546}.Debug|Any CPU.ActiveCfg = Debug|Any CPU
		{5F1BC32D-F866-4F85-BB09-8D288324D546}.Debug|Any CPU.Build.0 = Debug|Any CPU
		{5F1BC32D-F866-4F85-BB09-8D288324D546}.Release|Any CPU.ActiveCfg = Release|Any CPU
		{5F1BC32D-F866-4F85-BB09-8D288324D546}.Release|Any CPU.Build.0 = Release|Any CPU
		{1AC9F67E-B7EF-4173-ABBC-EFD7974CE209}.Debug|Any CPU.ActiveCfg = Debug|Any CPU
		{1AC9F67E-B7EF-4173-ABBC-EFD7974CE209}.Debug|Any CPU.Build.0 = Debug|Any CPU
		{1AC9F67E-B7EF-4173-ABBC-EFD7974CE209}.Debug|Any CPU.Deploy.0 = Debug|Any CPU
		{1AC9F67E-B7EF-4173-ABBC-EFD7974CE209}.Release|Any CPU.ActiveCfg = Release|Any CPU
		{1AC9F67E-B7EF-4173-ABBC-EFD7974CE209}.Release|Any CPU.Build.0 = Release|Any CPU
		{1AC9F67E-B7EF-4173-ABBC-EFD7974CE209}.Release|Any CPU.Deploy.0 = Release|Any CPU
	EndGlobalSection
	GlobalSection(SolutionProperties) = preSolution
		HideSolutionNode = FALSE
	EndGlobalSection
	GlobalSection(ExtensibilityGlobals) = postSolution
		SolutionGuid = {E3112AAF-1926-4223-8278-4049F3F0179A}
	EndGlobalSection
EndGlobal
